// !$*UTF8*$!
{
	archiveVersion = 1;
	classes = {
	};
	objectVersion = 50;
	objects = {

/* Begin PBXBuildFile section */
		D820D621212530760024EE52 /* WeatherRequest.swift in Sources */ = {isa = PBXBuildFile; fileRef = D820D620212530760024EE52 /* WeatherRequest.swift */; };
		D820D624212533450024EE52 /* Configuration.swift in Sources */ = {isa = PBXBuildFile; fileRef = D820D623212533450024EE52 /* Configuration.swift */; };
		D820D627212631430024EE52 /* RootViewModel.swift in Sources */ = {isa = PBXBuildFile; fileRef = D820D626212631430024EE52 /* RootViewModel.swift */; };
		D87D3DC42123968E001B545B /* AppDelegate.swift in Sources */ = {isa = PBXBuildFile; fileRef = D87D3DC32123968E001B545B /* AppDelegate.swift */; };
		D87D3DC62123968E001B545B /* RootViewController.swift in Sources */ = {isa = PBXBuildFile; fileRef = D87D3DC52123968E001B545B /* RootViewController.swift */; };
		D87D3DC92123968E001B545B /* Main.storyboard in Resources */ = {isa = PBXBuildFile; fileRef = D87D3DC72123968E001B545B /* Main.storyboard */; };
		D87D3DCB21239690001B545B /* Assets.xcassets in Resources */ = {isa = PBXBuildFile; fileRef = D87D3DCA21239690001B545B /* Assets.xcassets */; };
		D87D3DCE21239690001B545B /* LaunchScreen.storyboard in Resources */ = {isa = PBXBuildFile; fileRef = D87D3DCC21239690001B545B /* LaunchScreen.storyboard */; };
		D87D3DDF2123A0F6001B545B /* DayViewController.swift in Sources */ = {isa = PBXBuildFile; fileRef = D87D3DDE2123A0F6001B545B /* DayViewController.swift */; };
		D87D3DE12123A16C001B545B /* WeekViewController.swift in Sources */ = {isa = PBXBuildFile; fileRef = D87D3DE02123A16C001B545B /* WeekViewController.swift */; };
		D87D3DE42123A229001B545B /* UIViewController.swift in Sources */ = {isa = PBXBuildFile; fileRef = D87D3DE32123A229001B545B /* UIViewController.swift */; };
		D87D3DE62123A297001B545B /* UIStoryboard.swift in Sources */ = {isa = PBXBuildFile; fileRef = D87D3DE52123A297001B545B /* UIStoryboard.swift */; };
		D8DFAA84212B994C0016AC3D /* DarkSkyResponse.swift in Sources */ = {isa = PBXBuildFile; fileRef = D8DFAA83212B994C0016AC3D /* DarkSkyResponse.swift */; };
		D8DFAA87212BB3930016AC3D /* WeatherData.swift in Sources */ = {isa = PBXBuildFile; fileRef = D8DFAA86212BB3930016AC3D /* WeatherData.swift */; };
		D8DFAA8A212BB9EE0016AC3D /* DayViewModel.swift in Sources */ = {isa = PBXBuildFile; fileRef = D8DFAA89212BB9EE0016AC3D /* DayViewModel.swift */; };
		D8DFAA8D212BBA840016AC3D /* WeekViewModel.swift in Sources */ = {isa = PBXBuildFile; fileRef = D8DFAA8C212BBA840016AC3D /* WeekViewModel.swift */; };
		D8DFAA8F212CD9300016AC3D /* Styles.swift in Sources */ = {isa = PBXBuildFile; fileRef = D8DFAA8E212CD9300016AC3D /* Styles.swift */; };
		D8DFAA91212CE0C70016AC3D /* UIImage.swift in Sources */ = {isa = PBXBuildFile; fileRef = D8DFAA90212CE0C70016AC3D /* UIImage.swift */; };
/* End PBXBuildFile section */

/* Begin PBXFileReference section */
		D820D620212530760024EE52 /* WeatherRequest.swift */ = {isa = PBXFileReference; lastKnownFileType = sourcecode.swift; path = WeatherRequest.swift; sourceTree = "<group>"; };
		D820D623212533450024EE52 /* Configuration.swift */ = {isa = PBXFileReference; lastKnownFileType = sourcecode.swift; path = Configuration.swift; sourceTree = "<group>"; };
		D820D626212631430024EE52 /* RootViewModel.swift */ = {isa = PBXFileReference; lastKnownFileType = sourcecode.swift; path = RootViewModel.swift; sourceTree = "<group>"; };
		D87D3DC02123968E001B545B /* Rainstorm.app */ = {isa = PBXFileReference; explicitFileType = wrapper.application; includeInIndex = 0; path = Rainstorm.app; sourceTree = BUILT_PRODUCTS_DIR; };
		D87D3DC32123968E001B545B /* AppDelegate.swift */ = {isa = PBXFileReference; lastKnownFileType = sourcecode.swift; path = AppDelegate.swift; sourceTree = "<group>"; };
		D87D3DC52123968E001B545B /* RootViewController.swift */ = {isa = PBXFileReference; lastKnownFileType = sourcecode.swift; path = RootViewController.swift; sourceTree = "<group>"; };
		D87D3DC82123968E001B545B /* Base */ = {isa = PBXFileReference; lastKnownFileType = file.storyboard; name = Base; path = Base.lproj/Main.storyboard; sourceTree = "<group>"; };
		D87D3DCA21239690001B545B /* Assets.xcassets */ = {isa = PBXFileReference; lastKnownFileType = folder.assetcatalog; path = Assets.xcassets; sourceTree = "<group>"; };
		D87D3DCD21239690001B545B /* Base */ = {isa = PBXFileReference; lastKnownFileType = file.storyboard; name = Base; path = Base.lproj/LaunchScreen.storyboard; sourceTree = "<group>"; };
		D87D3DCF21239690001B545B /* Info.plist */ = {isa = PBXFileReference; lastKnownFileType = text.plist.xml; path = Info.plist; sourceTree = "<group>"; };
		D87D3DDE2123A0F6001B545B /* DayViewController.swift */ = {isa = PBXFileReference; lastKnownFileType = sourcecode.swift; path = DayViewController.swift; sourceTree = "<group>"; };
		D87D3DE02123A16C001B545B /* WeekViewController.swift */ = {isa = PBXFileReference; lastKnownFileType = sourcecode.swift; path = WeekViewController.swift; sourceTree = "<group>"; };
		D87D3DE32123A229001B545B /* UIViewController.swift */ = {isa = PBXFileReference; lastKnownFileType = sourcecode.swift; path = UIViewController.swift; sourceTree = "<group>"; };
		D87D3DE52123A297001B545B /* UIStoryboard.swift */ = {isa = PBXFileReference; lastKnownFileType = sourcecode.swift; path = UIStoryboard.swift; sourceTree = "<group>"; };
		D8DFAA83212B994C0016AC3D /* DarkSkyResponse.swift */ = {isa = PBXFileReference; lastKnownFileType = sourcecode.swift; path = DarkSkyResponse.swift; sourceTree = "<group>"; };
		D8DFAA86212BB3930016AC3D /* WeatherData.swift */ = {isa = PBXFileReference; lastKnownFileType = sourcecode.swift; path = WeatherData.swift; sourceTree = "<group>"; };
		D8DFAA89212BB9EE0016AC3D /* DayViewModel.swift */ = {isa = PBXFileReference; lastKnownFileType = sourcecode.swift; path = DayViewModel.swift; sourceTree = "<group>"; };
		D8DFAA8C212BBA840016AC3D /* WeekViewModel.swift */ = {isa = PBXFileReference; lastKnownFileType = sourcecode.swift; path = WeekViewModel.swift; sourceTree = "<group>"; };
		D8DFAA8E212CD9300016AC3D /* Styles.swift */ = {isa = PBXFileReference; lastKnownFileType = sourcecode.swift; path = Styles.swift; sourceTree = "<group>"; };
		D8DFAA90212CE0C70016AC3D /* UIImage.swift */ = {isa = PBXFileReference; lastKnownFileType = sourcecode.swift; path = UIImage.swift; sourceTree = "<group>"; };
/* End PBXFileReference section */

/* Begin PBXFrameworksBuildPhase section */
		D87D3DBD2123968E001B545B /* Frameworks */ = {
			isa = PBXFrameworksBuildPhase;
			buildActionMask = 2147483647;
			files = (
			);
			runOnlyForDeploymentPostprocessing = 0;
		};
/* End PBXFrameworksBuildPhase section */

/* Begin PBXGroup section */
		D820D61F212530550024EE52 /* Models */ = {
			isa = PBXGroup;
			children = (
				D820D620212530760024EE52 /* WeatherRequest.swift */,
				D8DFAA83212B994C0016AC3D /* DarkSkyResponse.swift */,
			);
			path = Models;
			sourceTree = "<group>";
		};
		D820D6222125332D0024EE52 /* Configuration */ = {
			isa = PBXGroup;
			children = (
				D820D623212533450024EE52 /* Configuration.swift */,
				D8DFAA8E212CD9300016AC3D /* Styles.swift */,
			);
			path = Configuration;
			sourceTree = "<group>";
		};
		D820D625212631230024EE52 /* View Models */ = {
			isa = PBXGroup;
			children = (
				D820D626212631430024EE52 /* RootViewModel.swift */,
			);
			path = "View Models";
			sourceTree = "<group>";
		};
		D87D3DB72123968E001B545B = {
			isa = PBXGroup;
			children = (
				D87D3DC22123968E001B545B /* Rainstorm */,
				D87D3DC12123968E001B545B /* Products */,
			);
			sourceTree = "<group>";
		};
		D87D3DC12123968E001B545B /* Products */ = {
			isa = PBXGroup;
			children = (
				D87D3DC02123968E001B545B /* Rainstorm.app */,
			);
			name = Products;
			sourceTree = "<group>";
		};
		D87D3DC22123968E001B545B /* Rainstorm */ = {
			isa = PBXGroup;
			children = (
				D8DFAA85212BB37B0016AC3D /* Protocols */,
				D820D6222125332D0024EE52 /* Configuration */,
				D820D61F212530550024EE52 /* Models */,
				D87D3DE22123A200001B545B /* Extensions */,
				D87D3DD5212396B8001B545B /* Application Delegate */,
				D87D3DD6212396FB001B545B /* View Controllers */,
				D87D3DD82123978A001B545B /* Storyboards */,
				D87D3DD9212397A7001B545B /* Resources */,
				D87D3DDA212397BE001B545B /* Supporting Files */,
			);
			path = Rainstorm;
			sourceTree = "<group>";
		};
		D87D3DD5212396B8001B545B /* Application Delegate */ = {
			isa = PBXGroup;
			children = (
				D87D3DC32123968E001B545B /* AppDelegate.swift */,
			);
			path = "Application Delegate";
			sourceTree = "<group>";
		};
		D87D3DD6212396FB001B545B /* View Controllers */ = {
			isa = PBXGroup;
			children = (
				D87D3DDB2123A0AC001B545B /* Weather View Controllers */,
				D87D3DD721239719001B545B /* Root View Controller */,
			);
			path = "View Controllers";
			sourceTree = "<group>";
		};
		D87D3DD721239719001B545B /* Root View Controller */ = {
			isa = PBXGroup;
			children = (
				D87D3DC52123968E001B545B /* RootViewController.swift */,
				D820D625212631230024EE52 /* View Models */,
			);
			path = "Root View Controller";
			sourceTree = "<group>";
		};
		D87D3DD82123978A001B545B /* Storyboards */ = {
			isa = PBXGroup;
			children = (
				D87D3DC72123968E001B545B /* Main.storyboard */,
				D87D3DCC21239690001B545B /* LaunchScreen.storyboard */,
			);
			path = Storyboards;
			sourceTree = "<group>";
		};
		D87D3DD9212397A7001B545B /* Resources */ = {
			isa = PBXGroup;
			children = (
				D87D3DCA21239690001B545B /* Assets.xcassets */,
			);
			path = Resources;
			sourceTree = "<group>";
		};
		D87D3DDA212397BE001B545B /* Supporting Files */ = {
			isa = PBXGroup;
			children = (
				D87D3DCF21239690001B545B /* Info.plist */,
			);
			path = "Supporting Files";
			sourceTree = "<group>";
		};
		D87D3DDB2123A0AC001B545B /* Weather View Controllers */ = {
			isa = PBXGroup;
			children = (
				D87D3DDD2123A0BE001B545B /* Week View Controller */,
				D87D3DDC2123A0B6001B545B /* Day View Controller */,
			);
			path = "Weather View Controllers";
			sourceTree = "<group>";
		};
		D87D3DDC2123A0B6001B545B /* Day View Controller */ = {
			isa = PBXGroup;
			children = (
				D8DFAA88212BB9BC0016AC3D /* View Models */,
				D87D3DDE2123A0F6001B545B /* DayViewController.swift */,
			);
			path = "Day View Controller";
			sourceTree = "<group>";
		};
		D87D3DDD2123A0BE001B545B /* Week View Controller */ = {
			isa = PBXGroup;
			children = (
				D8DFAA8B212BBA680016AC3D /* View Models */,
				D87D3DE02123A16C001B545B /* WeekViewController.swift */,
			);
			path = "Week View Controller";
			sourceTree = "<group>";
		};
		D87D3DE22123A200001B545B /* Extensions */ = {
			isa = PBXGroup;
			children = (
				D87D3DE32123A229001B545B /* UIViewController.swift */,
				D87D3DE52123A297001B545B /* UIStoryboard.swift */,
				D8DFAA90212CE0C70016AC3D /* UIImage.swift */,
			);
			path = Extensions;
			sourceTree = "<group>";
		};
		D8DFAA85212BB37B0016AC3D /* Protocols */ = {
			isa = PBXGroup;
			children = (
				D8DFAA86212BB3930016AC3D /* WeatherData.swift */,
			);
			path = Protocols;
			sourceTree = "<group>";
		};
		D8DFAA88212BB9BC0016AC3D /* View Models */ = {
			isa = PBXGroup;
			children = (
				D8DFAA89212BB9EE0016AC3D /* DayViewModel.swift */,
			);
			path = "View Models";
			sourceTree = "<group>";
		};
		D8DFAA8B212BBA680016AC3D /* View Models */ = {
			isa = PBXGroup;
			children = (
				D8DFAA8C212BBA840016AC3D /* WeekViewModel.swift */,
			);
			path = "View Models";
			sourceTree = "<group>";
		};
/* End PBXGroup section */

/* Begin PBXNativeTarget section */
		D87D3DBF2123968E001B545B /* Rainstorm */ = {
			isa = PBXNativeTarget;
			buildConfigurationList = D87D3DD221239690001B545B /* Build configuration list for PBXNativeTarget "Rainstorm" */;
			buildPhases = (
				D87D3DBC2123968E001B545B /* Sources */,
				D87D3DBD2123968E001B545B /* Frameworks */,
				D87D3DBE2123968E001B545B /* Resources */,
			);
			buildRules = (
			);
			dependencies = (
			);
			name = Rainstorm;
			productName = Rainstorm;
			productReference = D87D3DC02123968E001B545B /* Rainstorm.app */;
			productType = "com.apple.product-type.application";
		};
/* End PBXNativeTarget section */

/* Begin PBXProject section */
		D87D3DB82123968E001B545B /* Project object */ = {
			isa = PBXProject;
			attributes = {
				LastSwiftUpdateCheck = 0940;
				LastUpgradeCheck = 0940;
				ORGANIZATIONNAME = "Nathan Standage";
				TargetAttributes = {
					D87D3DBF2123968E001B545B = {
						CreatedOnToolsVersion = 9.4.1;
					};
				};
			};
			buildConfigurationList = D87D3DBB2123968E001B545B /* Build configuration list for PBXProject "Rainstorm" */;
			compatibilityVersion = "Xcode 9.3";
			developmentRegion = en;
			hasScannedForEncodings = 0;
			knownRegions = (
				en,
				Base,
			);
			mainGroup = D87D3DB72123968E001B545B;
			productRefGroup = D87D3DC12123968E001B545B /* Products */;
			projectDirPath = "";
			projectRoot = "";
			targets = (
				D87D3DBF2123968E001B545B /* Rainstorm */,
			);
		};
/* End PBXProject section */

/* Begin PBXResourcesBuildPhase section */
		D87D3DBE2123968E001B545B /* Resources */ = {
			isa = PBXResourcesBuildPhase;
			buildActionMask = 2147483647;
			files = (
				D87D3DCE21239690001B545B /* LaunchScreen.storyboard in Resources */,
				D87D3DCB21239690001B545B /* Assets.xcassets in Resources */,
				D87D3DC92123968E001B545B /* Main.storyboard in Resources */,
			);
			runOnlyForDeploymentPostprocessing = 0;
		};
/* End PBXResourcesBuildPhase section */

/* Begin PBXSourcesBuildPhase section */
		D87D3DBC2123968E001B545B /* Sources */ = {
			isa = PBXSourcesBuildPhase;
			buildActionMask = 2147483647;
			files = (
				D87D3DE62123A297001B545B /* UIStoryboard.swift in Sources */,
				D8DFAA8F212CD9300016AC3D /* Styles.swift in Sources */,
				D87D3DC62123968E001B545B /* RootViewController.swift in Sources */,
				D87D3DC42123968E001B545B /* AppDelegate.swift in Sources */,
				D87D3DE12123A16C001B545B /* WeekViewController.swift in Sources */,
				D87D3DDF2123A0F6001B545B /* DayViewController.swift in Sources */,
				D8DFAA91212CE0C70016AC3D /* UIImage.swift in Sources */,
				D8DFAA87212BB3930016AC3D /* WeatherData.swift in Sources */,
				D820D621212530760024EE52 /* WeatherRequest.swift in Sources */,
				D8DFAA8D212BBA840016AC3D /* WeekViewModel.swift in Sources */,
				D820D624212533450024EE52 /* Configuration.swift in Sources */,
				D820D627212631430024EE52 /* RootViewModel.swift in Sources */,
				D8DFAA84212B994C0016AC3D /* DarkSkyResponse.swift in Sources */,
				D87D3DE42123A229001B545B /* UIViewController.swift in Sources */,
				D8DFAA8A212BB9EE0016AC3D /* DayViewModel.swift in Sources */,
			);
			runOnlyForDeploymentPostprocessing = 0;
		};
/* End PBXSourcesBuildPhase section */

/* Begin PBXVariantGroup section */
		D87D3DC72123968E001B545B /* Main.storyboard */ = {
			isa = PBXVariantGroup;
			children = (
				D87D3DC82123968E001B545B /* Base */,
			);
			name = Main.storyboard;
			sourceTree = "<group>";
		};
		D87D3DCC21239690001B545B /* LaunchScreen.storyboard */ = {
			isa = PBXVariantGroup;
			children = (
				D87D3DCD21239690001B545B /* Base */,
			);
			name = LaunchScreen.storyboard;
			sourceTree = "<group>";
		};
/* End PBXVariantGroup section */

/* Begin XCBuildConfiguration section */
		D87D3DD021239690001B545B /* Debug */ = {
			isa = XCBuildConfiguration;
			buildSettings = {
				ALWAYS_SEARCH_USER_PATHS = NO;
				CLANG_ANALYZER_NONNULL = YES;
				CLANG_ANALYZER_NUMBER_OBJECT_CONVERSION = YES_AGGRESSIVE;
				CLANG_CXX_LANGUAGE_STANDARD = "gnu++14";
				CLANG_CXX_LIBRARY = "libc++";
				CLANG_ENABLE_MODULES = YES;
				CLANG_ENABLE_OBJC_ARC = YES;
				CLANG_ENABLE_OBJC_WEAK = YES;
				CLANG_WARN_BLOCK_CAPTURE_AUTORELEASING = YES;
				CLANG_WARN_BOOL_CONVERSION = YES;
				CLANG_WARN_COMMA = YES;
				CLANG_WARN_CONSTANT_CONVERSION = YES;
				CLANG_WARN_DEPRECATED_OBJC_IMPLEMENTATIONS = YES;
				CLANG_WARN_DIRECT_OBJC_ISA_USAGE = YES_ERROR;
				CLANG_WARN_DOCUMENTATION_COMMENTS = YES;
				CLANG_WARN_EMPTY_BODY = YES;
				CLANG_WARN_ENUM_CONVERSION = YES;
				CLANG_WARN_INFINITE_RECURSION = YES;
				CLANG_WARN_INT_CONVERSION = YES;
				CLANG_WARN_NON_LITERAL_NULL_CONVERSION = YES;
				CLANG_WARN_OBJC_IMPLICIT_RETAIN_SELF = YES;
				CLANG_WARN_OBJC_LITERAL_CONVERSION = YES;
				CLANG_WARN_OBJC_ROOT_CLASS = YES_ERROR;
				CLANG_WARN_RANGE_LOOP_ANALYSIS = YES;
				CLANG_WARN_STRICT_PROTOTYPES = YES;
				CLANG_WARN_SUSPICIOUS_MOVE = YES;
				CLANG_WARN_UNGUARDED_AVAILABILITY = YES_AGGRESSIVE;
				CLANG_WARN_UNREACHABLE_CODE = YES;
				CLANG_WARN__DUPLICATE_METHOD_MATCH = YES;
				CODE_SIGN_IDENTITY = "iPhone Developer";
				COPY_PHASE_STRIP = NO;
				DEBUG_INFORMATION_FORMAT = dwarf;
				ENABLE_STRICT_OBJC_MSGSEND = YES;
				ENABLE_TESTABILITY = YES;
				GCC_C_LANGUAGE_STANDARD = gnu11;
				GCC_DYNAMIC_NO_PIC = NO;
				GCC_NO_COMMON_BLOCKS = YES;
				GCC_OPTIMIZATION_LEVEL = 0;
				GCC_PREPROCESSOR_DEFINITIONS = (
					"DEBUG=1",
					"$(inherited)",
				);
				GCC_WARN_64_TO_32_BIT_CONVERSION = YES;
				GCC_WARN_ABOUT_RETURN_TYPE = YES_ERROR;
				GCC_WARN_UNDECLARED_SELECTOR = YES;
				GCC_WARN_UNINITIALIZED_AUTOS = YES_AGGRESSIVE;
				GCC_WARN_UNUSED_FUNCTION = YES;
				GCC_WARN_UNUSED_VARIABLE = YES;
				IPHONEOS_DEPLOYMENT_TARGET = 11.4;
				MTL_ENABLE_DEBUG_INFO = YES;
				ONLY_ACTIVE_ARCH = YES;
				SDKROOT = iphoneos;
				SWIFT_ACTIVE_COMPILATION_CONDITIONS = DEBUG;
				SWIFT_OPTIMIZATION_LEVEL = "-Onone";
			};
			name = Debug;
		};
		D87D3DD121239690001B545B /* Release */ = {
			isa = XCBuildConfiguration;
			buildSettings = {
				ALWAYS_SEARCH_USER_PATHS = NO;
				CLANG_ANALYZER_NONNULL = YES;
				CLANG_ANALYZER_NUMBER_OBJECT_CONVERSION = YES_AGGRESSIVE;
				CLANG_CXX_LANGUAGE_STANDARD = "gnu++14";
				CLANG_CXX_LIBRARY = "libc++";
				CLANG_ENABLE_MODULES = YES;
				CLANG_ENABLE_OBJC_ARC = YES;
				CLANG_ENABLE_OBJC_WEAK = YES;
				CLANG_WARN_BLOCK_CAPTURE_AUTORELEASING = YES;
				CLANG_WARN_BOOL_CONVERSION = YES;
				CLANG_WARN_COMMA = YES;
				CLANG_WARN_CONSTANT_CONVERSION = YES;
				CLANG_WARN_DEPRECATED_OBJC_IMPLEMENTATIONS = YES;
				CLANG_WARN_DIRECT_OBJC_ISA_USAGE = YES_ERROR;
				CLANG_WARN_DOCUMENTATION_COMMENTS = YES;
				CLANG_WARN_EMPTY_BODY = YES;
				CLANG_WARN_ENUM_CONVERSION = YES;
				CLANG_WARN_INFINITE_RECURSION = YES;
				CLANG_WARN_INT_CONVERSION = YES;
				CLANG_WARN_NON_LITERAL_NULL_CONVERSION = YES;
				CLANG_WARN_OBJC_IMPLICIT_RETAIN_SELF = YES;
				CLANG_WARN_OBJC_LITERAL_CONVERSION = YES;
				CLANG_WARN_OBJC_ROOT_CLASS = YES_ERROR;
				CLANG_WARN_RANGE_LOOP_ANALYSIS = YES;
				CLANG_WARN_STRICT_PROTOTYPES = YES;
				CLANG_WARN_SUSPICIOUS_MOVE = YES;
				CLANG_WARN_UNGUARDED_AVAILABILITY = YES_AGGRESSIVE;
				CLANG_WARN_UNREACHABLE_CODE = YES;
				CLANG_WARN__DUPLICATE_METHOD_MATCH = YES;
				CODE_SIGN_IDENTITY = "iPhone Developer";
				COPY_PHASE_STRIP = NO;
				DEBUG_INFORMATION_FORMAT = "dwarf-with-dsym";
				ENABLE_NS_ASSERTIONS = NO;
				ENABLE_STRICT_OBJC_MSGSEND = YES;
				GCC_C_LANGUAGE_STANDARD = gnu11;
				GCC_NO_COMMON_BLOCKS = YES;
				GCC_WARN_64_TO_32_BIT_CONVERSION = YES;
				GCC_WARN_ABOUT_RETURN_TYPE = YES_ERROR;
				GCC_WARN_UNDECLARED_SELECTOR = YES;
				GCC_WARN_UNINITIALIZED_AUTOS = YES_AGGRESSIVE;
				GCC_WARN_UNUSED_FUNCTION = YES;
				GCC_WARN_UNUSED_VARIABLE = YES;
				IPHONEOS_DEPLOYMENT_TARGET = 11.4;
				MTL_ENABLE_DEBUG_INFO = NO;
				SDKROOT = iphoneos;
				SWIFT_COMPILATION_MODE = wholemodule;
				SWIFT_OPTIMIZATION_LEVEL = "-O";
				VALIDATE_PRODUCT = YES;
			};
			name = Release;
		};
		D87D3DD321239690001B545B /* Debug */ = {
			isa = XCBuildConfiguration;
			buildSettings = {
				ASSETCATALOG_COMPILER_APPICON_NAME = AppIcon;
				CODE_SIGN_STYLE = Automatic;
				DEVELOPMENT_TEAM = 4YF3X5R4SE;
				INFOPLIST_FILE = "$(SRCROOT)/Rainstorm/Supporting Files/Info.plist";
				LD_RUNPATH_SEARCH_PATHS = (
					"$(inherited)",
					"@executable_path/Frameworks",
				);
				PRODUCT_BUNDLE_IDENTIFIER = com.nathanstandage.Rainstorm;
				PRODUCT_NAME = "$(TARGET_NAME)";
				SWIFT_VERSION = 4.0;
				TARGETED_DEVICE_FAMILY = 1;
			};
			name = Debug;
		};
		D87D3DD421239690001B545B /* Release */ = {
			isa = XCBuildConfiguration;
			buildSettings = {
				ASSETCATALOG_COMPILER_APPICON_NAME = AppIcon;
				CODE_SIGN_STYLE = Automatic;
				DEVELOPMENT_TEAM = 4YF3X5R4SE;
				INFOPLIST_FILE = "$(SRCROOT)/Rainstorm/Supporting Files/Info.plist";
				LD_RUNPATH_SEARCH_PATHS = (
					"$(inherited)",
					"@executable_path/Frameworks",
				);
				PRODUCT_BUNDLE_IDENTIFIER = com.nathanstandage.Rainstorm;
				PRODUCT_NAME = "$(TARGET_NAME)";
				SWIFT_VERSION = 4.0;
				TARGETED_DEVICE_FAMILY = 1;
			};
			name = Release;
		};
/* End XCBuildConfiguration section */

/* Begin XCConfigurationList section */
		D87D3DBB2123968E001B545B /* Build configuration list for PBXProject "Rainstorm" */ = {
			isa = XCConfigurationList;
			buildConfigurations = (
				D87D3DD021239690001B545B /* Debug */,
				D87D3DD121239690001B545B /* Release */,
			);
			defaultConfigurationIsVisible = 0;
			defaultConfigurationName = Release;
		};
		D87D3DD221239690001B545B /* Build configuration list for PBXNativeTarget "Rainstorm" */ = {
			isa = XCConfigurationList;
			buildConfigurations = (
				D87D3DD321239690001B545B /* Debug */,
				D87D3DD421239690001B545B /* Release */,
			);
			defaultConfigurationIsVisible = 0;
			defaultConfigurationName = Release;
		};
/* End XCConfigurationList section */
	};
	rootObject = D87D3DB82123968E001B545B /* Project object */;
}
